
Microsoft Visual Studio Solution File, Format Version 12.00
# Visual Studio 2012
Project("{8BC9CEB8-8B4A-11D0-8D11-00A0C91BC942}") = "Template", "Template\Template.vcxproj", "{5C938B12-32C3-4C56-B540-C093DE1F6F97}"
EndProject
Project("{8BC9CEB8-8B4A-11D0-8D11-00A0C91BC942}") = "Templatetest", "Templatetest\Templatetest.vcxproj", "{23CAD4BC-9A68-40DA-ABF9-2A9CA2AC6843}"
EndProject
Global
	GlobalSection(SolutionConfigurationPlatforms) = preSolution
		Debug|Win32 = Debug|Win32
		Release|Win32 = Release|Win32
	EndGlobalSection
	GlobalSection(ProjectConfigurationPlatforms) = postSolution
		{5C938B12-32C3-4C56-B540-C093DE1F6F97}.Debug|Win32.ActiveCfg = Debug|Win32
		{5C938B12-32C3-4C56-B540-C093DE1F6F97}.Debug|Win32.Build.0 = Debug|Win32
		{5C938B12-32C3-4C56-B540-C093DE1F6F97}.Release|Win32.ActiveCfg = Release|Win32
		{5C938B12-32C3-4C56-B540-C093DE1F6F97}.Release|Win32.Build.0 = Release|Win32
		{23CAD4BC-9A68-40DA-ABF9-2A9CA2AC6843}.Debug|Win32.ActiveCfg = Debug|Win32
		{23CAD4BC-9A68-40DA-ABF9-2A9CA2AC6843}.Debug|Win32.Build.0 = Debug|Win32
		{23CAD4BC-9A68-40DA-ABF9-2A9CA2AC6843}.Release|Win32.ActiveCfg = Release|Win32
		{23CAD4BC-9A68-40DA-ABF9-2A9CA2AC6843}.Release|Win32.Build.0 = Release|Win32
	EndGlobalSection
	GlobalSection(SolutionProperties) = preSolution
		HideSolutionNode = FALSE
	EndGlobalSection
EndGlobal
